
Microsoft Visual Studio Solution File, Format Version 12.00
# Visual Studio Version 16
VisualStudioVersion = 16.0.29920.165
MinimumVisualStudioVersion = 10.0.40219.1
Project("{FAE04EC0-301F-11D3-BF4B-00C04F79EFBC}") = "ProcessPerformance", "ProcessPerformance\ProcessPerformance.csproj", "{C7E8ED4C-E803-48FD-9E02-45F4EFFAA816}"
EndProject
Global
	GlobalSection(SolutionConfigurationPlatforms) = preSolution
		Debug|Any CPU = Debug|Any CPU
		Release|Any CPU = Release|Any CPU
	EndGlobalSection
	GlobalSection(ProjectConfigurationPlatforms) = postSolution
		{C7E8ED4C-E803-48FD-9E02-45F4EFFAA816}.Debug|Any CPU.ActiveCfg = Debug|Any CPU
		{C7E8ED4C-E803-48FD-9E02-45F4EFFAA816}.Debug|Any CPU.Build.0 = Debug|Any CPU
		{C7E8ED4C-E803-48FD-9E02-45F4EFFAA816}.Release|Any CPU.ActiveCfg = Release|Any CPU
		{C7E8ED4C-E803-48FD-9E02-45F4EFFAA816}.Release|Any CPU.Build.0 = Release|Any CPU
	EndGlobalSection
	GlobalSection(SolutionProperties) = preSolution
		HideSolutionNode = FALSE
	EndGlobalSection
	GlobalSection(ExtensibilityGlobals) = postSolution
		SolutionGuid = {BBA75385-AED4-4F4D-B137-14D8D26635AC}
	EndGlobalSection
EndGlobal
